
Microsoft Visual Studio Solution File, Format Version 12.00
Project("{FAE04EC0-301F-11D3-BF4B-00C04F79EFBC}") = "lab3_1", "lab3_1\lab3_1.csproj", "{74938955-06E7-4C3E-93AF-B3063E8C296B}"
EndProject
Global
	GlobalSection(SolutionConfigurationPlatforms) = preSolution
		Debug|Any CPU = Debug|Any CPU
		Release|Any CPU = Release|Any CPU
	EndGlobalSection
	GlobalSection(ProjectConfigurationPlatforms) = postSolution
		{74938955-06E7-4C3E-93AF-B3063E8C296B}.Debug|Any CPU.ActiveCfg = Debug|Any CPU
		{74938955-06E7-4C3E-93AF-B3063E8C296B}.Debug|Any CPU.Build.0 = Debug|Any CPU
		{74938955-06E7-4C3E-93AF-B3063E8C296B}.Release|Any CPU.ActiveCfg = Release|Any CPU
		{74938955-06E7-4C3E-93AF-B3063E8C296B}.Release|Any CPU.Build.0 = Release|Any CPU
	EndGlobalSection
EndGlobal
